{
  "name": "@boosten/capacitor-keep-awake",
  "version": "0.0.1",
  "lockfileVersion": 1,
  "requires": true,
  "dependencies": {
    "@capacitor/android": {
      "version": "2.4.1",
      "resolved": "https://registry.npmjs.org/@capacitor/android/-/android-2.4.1.tgz",
      "integrity": "sha512-y2KHTuD1SPiibYou8x84Aio54ZyG9LWNCoIcrjgiFM8FlIDdp2FuW4yP17KA8ORDfj37yWI+IRzKa+t/M7Jy3Q==",
      "dev": true
    },
    "@capacitor/core": {
      "version": "2.4.1",
      "resolved": "https://registry.npmjs.org/@capacitor/core/-/core-2.4.1.tgz",
      "integrity": "sha512-/OTDYTztAri04SNC+pIsSiIVG8ryjKkt3kG+aupoiHI1xankLJxGbcw5Z3aVZmhmMmJpk2nda2LC9Kc3Y0bA2w==",
      "requires": {
        "tslib": "^1.9.0"
      }
    },
    "@capacitor/ios": {
      "version": "2.4.1",
      "resolved": "https://registry.npmjs.org/@capacitor/ios/-/ios-2.4.1.tgz",
      "integrity": "sha512-Q1PfO67zn2668Gu9OYY2v02TuB20E530HHfe28wrK9X1Jy5jRFl1ZUr3epCkaB4XJQeGqM42oACO+BwURNAW5Q==",
      "dev": true
    },
    "tslib": {
      "version": "1.13.0",
      "resolved": "https://registry.npmjs.org/tslib/-/tslib-1.13.0.tgz",
      "integrity": "sha512-i/6DQjL8Xf3be4K/E6Wgpekn5Qasl1usyw++dAA35Ue5orEn65VIxOA+YvNNl9HV3qv70T7CNwjODHZrLwvd1Q=="
    },
    "typescript": {
      "version": "3.7.2",
      "resolved": "https://registry.npmjs.org/typescript/-/typescript-3.7.2.tgz",
      "integrity": "sha512-ml7V7JfiN2Xwvcer+XAf2csGO1bPBdRbFCkYBczNZggrBZ9c7G3riSUeJmqEU5uOtXNPMhE3n+R4FA/3YOAWOQ==",
      "dev": true
    }
  }
}
