PODS:
  - Capacitor (2.4.1):
    - CapacitorCordova
  - CapacitorCordova (2.4.1)

DEPENDENCIES:
  - "Capacitor (from `../node_modules/@capacitor/ios`)"
  - "CapacitorCordova (from `../node_modules/@capacitor/ios`)"

EXTERNAL SOURCES:
  Capacitor:
    :path: "../node_modules/@capacitor/ios"
  CapacitorCordova:
    :path: "../node_modules/@capacitor/ios"

SPEC CHECKSUMS:
  Capacitor: 12f6492ebd90494ff60f37b57718f5f1b5d841eb
  CapacitorCordova: bf294ab653635d3aa5d7ec1512753f01df7b7149

PODFILE CHECKSUM: e66d6fa04b0daaf06d8498d39637adf77139c716

COCOAPODS: 1.9.3
